// !$*UTF8*$!
{
	archiveVersion = 1;
	classes = {
	};
	objectVersion = 46;
	objects = {

/* Begin PBXBuildFile section */
		042489EF1F7695CE00053F25 /* AppDelegate.swift in Sources */ = {isa = PBXBuildFile; fileRef = 042489EE1F7695CE00053F25 /* AppDelegate.swift */; };
		042489F11F7695CE00053F25 /* MasterViewController.swift in Sources */ = {isa = PBXBuildFile; fileRef = 042489F01F7695CE00053F25 /* MasterViewController.swift */; };
		042489F31F7695CE00053F25 /* DetailViewController.swift in Sources */ = {isa = PBXBuildFile; fileRef = 042489F21F7695CE00053F25 /* DetailViewController.swift */; };
		042489F81F7695CE00053F25 /* Assets.xcassets in Resources */ = {isa = PBXBuildFile; fileRef = 042489F71F7695CE00053F25 /* Assets.xcassets */; };
		04248A061F7695CE00053F25 /* PokedexTests.swift in Sources */ = {isa = PBXBuildFile; fileRef = 04248A051F7695CE00053F25 /* PokedexTests.swift */; };
		04248A111F7695CE00053F25 /* PokedexUITests.swift in Sources */ = {isa = PBXBuildFile; fileRef = 04248A101F7695CE00053F25 /* PokedexUITests.swift */; };
		049B10221F79888A00061AB1 /* AddPokemonViewController.swift in Sources */ = {isa = PBXBuildFile; fileRef = 049B10211F79888A00061AB1 /* AddPokemonViewController.swift */; };
		049B10261F7AA12800061AB1 /* UIViewController+Keyboard.swift in Sources */ = {isa = PBXBuildFile; fileRef = 049B10251F7AA12800061AB1 /* UIViewController+Keyboard.swift */; };
		04A24D121F790058004B1602 /* AuthenticationViewController.swift in Sources */ = {isa = PBXBuildFile; fileRef = 04A24D111F790058004B1602 /* AuthenticationViewController.swift */; };
		04A9753D1F784D9200C06998 /* Pokemon.swift in Sources */ = {isa = PBXBuildFile; fileRef = 04A9753C1F784D9200C06998 /* Pokemon.swift */; };
		04A9756E1F78858C00C06998 /* add-image-button.pdf in Resources */ = {isa = PBXBuildFile; fileRef = 04A9756A1F78858C00C06998 /* add-image-button.pdf */; };
		04A9756F1F78858C00C06998 /* image-placeholder.pdf in Resources */ = {isa = PBXBuildFile; fileRef = 04A9756B1F78858C00C06998 /* image-placeholder.pdf */; };
		04A975701F78858C00C06998 /* pokeball.pdf in Resources */ = {isa = PBXBuildFile; fileRef = 04A9756C1F78858C00C06998 /* pokeball.pdf */; };
		04A975711F78858C00C06998 /* pokedex-title.pdf in Resources */ = {isa = PBXBuildFile; fileRef = 04A9756D1F78858C00C06998 /* pokedex-title.pdf */; };
		04A975791F78859900C06998 /* icon-add.pdf in Resources */ = {isa = PBXBuildFile; fileRef = 04A975731F78859900C06998 /* icon-add.pdf */; };
		04A9757A1F78859900C06998 /* icon-email.pdf in Resources */ = {isa = PBXBuildFile; fileRef = 04A975741F78859900C06998 /* icon-email.pdf */; };
		04A9757B1F78859900C06998 /* icon-logout.pdf in Resources */ = {isa = PBXBuildFile; fileRef = 04A975751F78859900C06998 /* icon-logout.pdf */; };
		04A9757C1F78859900C06998 /* icon-password-visibility.pdf in Resources */ = {isa = PBXBuildFile; fileRef = 04A975761F78859900C06998 /* icon-password-visibility.pdf */; };
		04A9757D1F78859900C06998 /* icon-password.pdf in Resources */ = {isa = PBXBuildFile; fileRef = 04A975771F78859900C06998 /* icon-password.pdf */; };
		04A9757E1F78859900C06998 /* icon-person.pdf in Resources */ = {isa = PBXBuildFile; fileRef = 04A975781F78859900C06998 /* icon-person.pdf */; };
		04AB22121F76AF5B0027E1CF /* Main.storyboard in Resources */ = {isa = PBXBuildFile; fileRef = 04AB22111F76AF5B0027E1CF /* Main.storyboard */; };
		04AB22141F76AF630027E1CF /* LaunchScreen.storyboard in Resources */ = {isa = PBXBuildFile; fileRef = 04AB22131F76AF630027E1CF /* LaunchScreen.storyboard */; };
		04AB221A1F76B48E0027E1CF /* AuthenticationService.swift in Sources */ = {isa = PBXBuildFile; fileRef = 04AB22191F76B48E0027E1CF /* AuthenticationService.swift */; };
		04AB221E1F76B89E0027E1CF /* Util.swift in Sources */ = {isa = PBXBuildFile; fileRef = 04AB221D1F76B89E0027E1CF /* Util.swift */; };
		04AB22201F76C5ED0027E1CF /* BaseService.swift in Sources */ = {isa = PBXBuildFile; fileRef = 04AB221F1F76C5ED0027E1CF /* BaseService.swift */; };
		04AB22221F77C4920027E1CF /* User.swift in Sources */ = {isa = PBXBuildFile; fileRef = 04AB22211F77C4920027E1CF /* User.swift */; };
		04AB22241F784AFB0027E1CF /* PokemonService.swift in Sources */ = {isa = PBXBuildFile; fileRef = 04AB22231F784AFB0027E1CF /* PokemonService.swift */; };
		2A9A81F0E9FB52E77D827239 /* Pods_Pokedex.framework in Frameworks */ = {isa = PBXBuildFile; fileRef = B28E2A8EAF474CB1DCADE427 /* Pods_Pokedex.framework */; };
		3413B52B12A21BFF9A15BDD3 /* Pods_PokedexUITests.framework in Frameworks */ = {isa = PBXBuildFile; fileRef = F780AEE72E9074E6BE3EC71A /* Pods_PokedexUITests.framework */; };
		5BEC10674E00FF230C366ED1 /* Pods_PokedexTests.framework in Frameworks */ = {isa = PBXBuildFile; fileRef = CB08FF03A7009352E87CABBD /* Pods_PokedexTests.framework */; };
/* End PBXBuildFile section */

/* Begin PBXContainerItemProxy section */
		04248A021F7695CE00053F25 /* PBXContainerItemProxy */ = {
			isa = PBXContainerItemProxy;
			containerPortal = 042489E31F7695CE00053F25 /* Project object */;
			proxyType = 1;
			remoteGlobalIDString = 042489EA1F7695CE00053F25;
			remoteInfo = Pokedex;
		};
		04248A0D1F7695CE00053F25 /* PBXContainerItemProxy */ = {
			isa = PBXContainerItemProxy;
			containerPortal = 042489E31F7695CE00053F25 /* Project object */;
			proxyType = 1;
			remoteGlobalIDString = 042489EA1F7695CE00053F25;
			remoteInfo = Pokedex;
		};
/* End PBXContainerItemProxy section */

/* Begin PBXFileReference section */
		042489EB1F7695CE00053F25 /* Pokedex.app */ = {isa = PBXFileReference; explicitFileType = wrapper.application; includeInIndex = 0; path = Pokedex.app; sourceTree = BUILT_PRODUCTS_DIR; };
		042489EE1F7695CE00053F25 /* AppDelegate.swift */ = {isa = PBXFileReference; lastKnownFileType = sourcecode.swift; path = AppDelegate.swift; sourceTree = "<group>"; };
		042489F01F7695CE00053F25 /* MasterViewController.swift */ = {isa = PBXFileReference; lastKnownFileType = sourcecode.swift; path = MasterViewController.swift; sourceTree = "<group>"; };
		042489F21F7695CE00053F25 /* DetailViewController.swift */ = {isa = PBXFileReference; lastKnownFileType = sourcecode.swift; path = DetailViewController.swift; sourceTree = "<group>"; };
		042489F71F7695CE00053F25 /* Assets.xcassets */ = {isa = PBXFileReference; lastKnownFileType = folder.assetcatalog; name = Assets.xcassets; path = Images/Assets.xcassets; sourceTree = "<group>"; };
		042489FC1F7695CE00053F25 /* Info.plist */ = {isa = PBXFileReference; lastKnownFileType = text.plist.xml; path = Info.plist; sourceTree = "<group>"; };
		04248A011F7695CE00053F25 /* PokedexTests.xctest */ = {isa = PBXFileReference; explicitFileType = wrapper.cfbundle; includeInIndex = 0; path = PokedexTests.xctest; sourceTree = BUILT_PRODUCTS_DIR; };
		04248A051F7695CE00053F25 /* PokedexTests.swift */ = {isa = PBXFileReference; lastKnownFileType = sourcecode.swift; path = PokedexTests.swift; sourceTree = "<group>"; };
		04248A071F7695CE00053F25 /* Info.plist */ = {isa = PBXFileReference; lastKnownFileType = text.plist.xml; path = Info.plist; sourceTree = "<group>"; };
		04248A0C1F7695CE00053F25 /* PokedexUITests.xctest */ = {isa = PBXFileReference; explicitFileType = wrapper.cfbundle; includeInIndex = 0; path = PokedexUITests.xctest; sourceTree = BUILT_PRODUCTS_DIR; };
		04248A101F7695CE00053F25 /* PokedexUITests.swift */ = {isa = PBXFileReference; lastKnownFileType = sourcecode.swift; path = PokedexUITests.swift; sourceTree = "<group>"; };
		04248A121F7695CE00053F25 /* Info.plist */ = {isa = PBXFileReference; lastKnownFileType = text.plist.xml; path = Info.plist; sourceTree = "<group>"; };
		049B10211F79888A00061AB1 /* AddPokemonViewController.swift */ = {isa = PBXFileReference; fileEncoding = 4; lastKnownFileType = sourcecode.swift; path = AddPokemonViewController.swift; sourceTree = "<group>"; };
		049B10251F7AA12800061AB1 /* UIViewController+Keyboard.swift */ = {isa = PBXFileReference; fileEncoding = 4; lastKnownFileType = sourcecode.swift; path = "UIViewController+Keyboard.swift"; sourceTree = "<group>"; };
		04A24D111F790058004B1602 /* AuthenticationViewController.swift */ = {isa = PBXFileReference; fileEncoding = 4; lastKnownFileType = sourcecode.swift; path = AuthenticationViewController.swift; sourceTree = "<group>"; };
		04A9753C1F784D9200C06998 /* Pokemon.swift */ = {isa = PBXFileReference; fileEncoding = 4; lastKnownFileType = sourcecode.swift; path = Pokemon.swift; sourceTree = "<group>"; };
		04A9756A1F78858C00C06998 /* add-image-button.pdf */ = {isa = PBXFileReference; lastKnownFileType = image.pdf; path = "add-image-button.pdf"; sourceTree = "<group>"; };
		04A9756B1F78858C00C06998 /* image-placeholder.pdf */ = {isa = PBXFileReference; lastKnownFileType = image.pdf; path = "image-placeholder.pdf"; sourceTree = "<group>"; };
		04A9756C1F78858C00C06998 /* pokeball.pdf */ = {isa = PBXFileReference; lastKnownFileType = image.pdf; path = pokeball.pdf; sourceTree = "<group>"; };
		04A9756D1F78858C00C06998 /* pokedex-title.pdf */ = {isa = PBXFileReference; lastKnownFileType = image.pdf; path = "pokedex-title.pdf"; sourceTree = "<group>"; };
		04A975731F78859900C06998 /* icon-add.pdf */ = {isa = PBXFileReference; lastKnownFileType = image.pdf; path = "icon-add.pdf"; sourceTree = "<group>"; };
		04A975741F78859900C06998 /* icon-email.pdf */ = {isa = PBXFileReference; lastKnownFileType = image.pdf; path = "icon-email.pdf"; sourceTree = "<group>"; };
		04A975751F78859900C06998 /* icon-logout.pdf */ = {isa = PBXFileReference; lastKnownFileType = image.pdf; path = "icon-logout.pdf"; sourceTree = "<group>"; };
		04A975761F78859900C06998 /* icon-password-visibility.pdf */ = {isa = PBXFileReference; lastKnownFileType = image.pdf; path = "icon-password-visibility.pdf"; sourceTree = "<group>"; };
		04A975771F78859900C06998 /* icon-password.pdf */ = {isa = PBXFileReference; lastKnownFileType = image.pdf; path = "icon-password.pdf"; sourceTree = "<group>"; };
		04A975781F78859900C06998 /* icon-person.pdf */ = {isa = PBXFileReference; lastKnownFileType = image.pdf; path = "icon-person.pdf"; sourceTree = "<group>"; };
		04AB22111F76AF5B0027E1CF /* Main.storyboard */ = {isa = PBXFileReference; fileEncoding = 4; lastKnownFileType = file.storyboard; path = Main.storyboard; sourceTree = "<group>"; };
		04AB22131F76AF630027E1CF /* LaunchScreen.storyboard */ = {isa = PBXFileReference; fileEncoding = 4; lastKnownFileType = file.storyboard; path = LaunchScreen.storyboard; sourceTree = "<group>"; };
		04AB22191F76B48E0027E1CF /* AuthenticationService.swift */ = {isa = PBXFileReference; fileEncoding = 4; lastKnownFileType = sourcecode.swift; path = AuthenticationService.swift; sourceTree = "<group>"; };
		04AB221D1F76B89E0027E1CF /* Util.swift */ = {isa = PBXFileReference; fileEncoding = 4; lastKnownFileType = sourcecode.swift; path = Util.swift; sourceTree = "<group>"; };
		04AB221F1F76C5ED0027E1CF /* BaseService.swift */ = {isa = PBXFileReference; fileEncoding = 4; lastKnownFileType = sourcecode.swift; path = BaseService.swift; sourceTree = "<group>"; };
		04AB22211F77C4920027E1CF /* User.swift */ = {isa = PBXFileReference; fileEncoding = 4; lastKnownFileType = sourcecode.swift; path = User.swift; sourceTree = "<group>"; };
		04AB22231F784AFB0027E1CF /* PokemonService.swift */ = {isa = PBXFileReference; fileEncoding = 4; lastKnownFileType = sourcecode.swift; path = PokemonService.swift; sourceTree = "<group>"; };
		122C9A102FB0C247D7512CD8 /* Pods-Pokedex.release.xcconfig */ = {isa = PBXFileReference; includeInIndex = 1; lastKnownFileType = text.xcconfig; name = "Pods-Pokedex.release.xcconfig"; path = "Pods/Target Support Files/Pods-Pokedex/Pods-Pokedex.release.xcconfig"; sourceTree = "<group>"; };
		21CCBB64084EAD4BF9CE2634 /* Pods-Pokedex.debug.xcconfig */ = {isa = PBXFileReference; includeInIndex = 1; lastKnownFileType = text.xcconfig; name = "Pods-Pokedex.debug.xcconfig"; path = "Pods/Target Support Files/Pods-Pokedex/Pods-Pokedex.debug.xcconfig"; sourceTree = "<group>"; };
		3D51665A53FC7BD50AEAF351 /* Pods-PokedexTests.release.xcconfig */ = {isa = PBXFileReference; includeInIndex = 1; lastKnownFileType = text.xcconfig; name = "Pods-PokedexTests.release.xcconfig"; path = "Pods/Target Support Files/Pods-PokedexTests/Pods-PokedexTests.release.xcconfig"; sourceTree = "<group>"; };
		B28E2A8EAF474CB1DCADE427 /* Pods_Pokedex.framework */ = {isa = PBXFileReference; explicitFileType = wrapper.framework; includeInIndex = 0; path = Pods_Pokedex.framework; sourceTree = BUILT_PRODUCTS_DIR; };
		BEED3D0A38B4C93ADB5575E0 /* Pods-PokedexTests.debug.xcconfig */ = {isa = PBXFileReference; includeInIndex = 1; lastKnownFileType = text.xcconfig; name = "Pods-PokedexTests.debug.xcconfig"; path = "Pods/Target Support Files/Pods-PokedexTests/Pods-PokedexTests.debug.xcconfig"; sourceTree = "<group>"; };
		CA3DA0E3644E4E12EC43C6D8 /* Pods-PokedexUITests.release.xcconfig */ = {isa = PBXFileReference; includeInIndex = 1; lastKnownFileType = text.xcconfig; name = "Pods-PokedexUITests.release.xcconfig"; path = "Pods/Target Support Files/Pods-PokedexUITests/Pods-PokedexUITests.release.xcconfig"; sourceTree = "<group>"; };
		CB08FF03A7009352E87CABBD /* Pods_PokedexTests.framework */ = {isa = PBXFileReference; explicitFileType = wrapper.framework; includeInIndex = 0; path = Pods_PokedexTests.framework; sourceTree = BUILT_PRODUCTS_DIR; };
		D912EAA3E4F268425E264068 /* Pods-PokedexUITests.debug.xcconfig */ = {isa = PBXFileReference; includeInIndex = 1; lastKnownFileType = text.xcconfig; name = "Pods-PokedexUITests.debug.xcconfig"; path = "Pods/Target Support Files/Pods-PokedexUITests/Pods-PokedexUITests.debug.xcconfig"; sourceTree = "<group>"; };
		F780AEE72E9074E6BE3EC71A /* Pods_PokedexUITests.framework */ = {isa = PBXFileReference; explicitFileType = wrapper.framework; includeInIndex = 0; path = Pods_PokedexUITests.framework; sourceTree = BUILT_PRODUCTS_DIR; };
/* End PBXFileReference section */

/* Begin PBXFrameworksBuildPhase section */
		042489E81F7695CE00053F25 /* Frameworks */ = {
			isa = PBXFrameworksBuildPhase;
			buildActionMask = 2147483647;
			files = (
				2A9A81F0E9FB52E77D827239 /* Pods_Pokedex.framework in Frameworks */,
			);
			runOnlyForDeploymentPostprocessing = 0;
		};
		042489FE1F7695CE00053F25 /* Frameworks */ = {
			isa = PBXFrameworksBuildPhase;
			buildActionMask = 2147483647;
			files = (
				5BEC10674E00FF230C366ED1 /* Pods_PokedexTests.framework in Frameworks */,
			);
			runOnlyForDeploymentPostprocessing = 0;
		};
		04248A091F7695CE00053F25 /* Frameworks */ = {
			isa = PBXFrameworksBuildPhase;
			buildActionMask = 2147483647;
			files = (
				3413B52B12A21BFF9A15BDD3 /* Pods_PokedexUITests.framework in Frameworks */,
			);
			runOnlyForDeploymentPostprocessing = 0;
		};
/* End PBXFrameworksBuildPhase section */

/* Begin PBXGroup section */
		042489E21F7695CE00053F25 = {
			isa = PBXGroup;
			children = (
				042489ED1F7695CE00053F25 /* Pokedex */,
				04248A041F7695CE00053F25 /* PokedexTests */,
				04248A0F1F7695CE00053F25 /* PokedexUITests */,
				042489EC1F7695CE00053F25 /* Products */,
				ED262D0001D011C1F492E862 /* Pods */,
				1E6FE2B0DF0EF02179A045CE /* Frameworks */,
			);
			sourceTree = "<group>";
		};
		042489EC1F7695CE00053F25 /* Products */ = {
			isa = PBXGroup;
			children = (
				042489EB1F7695CE00053F25 /* Pokedex.app */,
				04248A011F7695CE00053F25 /* PokedexTests.xctest */,
				04248A0C1F7695CE00053F25 /* PokedexUITests.xctest */,
			);
			name = Products;
			sourceTree = "<group>";
		};
		042489ED1F7695CE00053F25 /* Pokedex */ = {
			isa = PBXGroup;
			children = (
				042489FC1F7695CE00053F25 /* Info.plist */,
				04248A2B1F76AC0D00053F25 /* Application */,
				04248A281F76ABA900053F25 /* Models */,
				04248A271F76AB8F00053F25 /* Views */,
				04248A261F76AB8600053F25 /* Controllers */,
				04248A241F76AB6800053F25 /* Services */,
				04248A251F76AB7F00053F25 /* Resources */,
				04248A2A1F76ABF500053F25 /* Util */,
			);
			path = Pokedex;
			sourceTree = "<group>";
		};
		04248A041F7695CE00053F25 /* PokedexTests */ = {
			isa = PBXGroup;
			children = (
				04248A051F7695CE00053F25 /* PokedexTests.swift */,
				04248A071F7695CE00053F25 /* Info.plist */,
			);
			path = PokedexTests;
			sourceTree = "<group>";
		};
		04248A0F1F7695CE00053F25 /* PokedexUITests */ = {
			isa = PBXGroup;
			children = (
				04248A101F7695CE00053F25 /* PokedexUITests.swift */,
				04248A121F7695CE00053F25 /* Info.plist */,
			);
			path = PokedexUITests;
			sourceTree = "<group>";
		};
		04248A241F76AB6800053F25 /* Services */ = {
			isa = PBXGroup;
			children = (
				04AB22191F76B48E0027E1CF /* AuthenticationService.swift */,
				04AB221F1F76C5ED0027E1CF /* BaseService.swift */,
				04AB22231F784AFB0027E1CF /* PokemonService.swift */,
			);
			path = Services;
			sourceTree = "<group>";
		};
		04248A251F76AB7F00053F25 /* Resources */ = {
			isa = PBXGroup;
			children = (
				04AB22131F76AF630027E1CF /* LaunchScreen.storyboard */,
				042489F71F7695CE00053F25 /* Assets.xcassets */,
				04A975721F78859900C06998 /* Icons */,
				04248A291F76ABBA00053F25 /* Images */,
			);
			path = Resources;
			sourceTree = "<group>";
		};
		04248A261F76AB8600053F25 /* Controllers */ = {
			isa = PBXGroup;
			children = (
				04A24D111F790058004B1602 /* AuthenticationViewController.swift */,
				042489F01F7695CE00053F25 /* MasterViewController.swift */,
				042489F21F7695CE00053F25 /* DetailViewController.swift */,
				049B10211F79888A00061AB1 /* AddPokemonViewController.swift */,
				049B10271F7AA16100061AB1 /* Extensions */,
			);
			path = Controllers;
			sourceTree = "<group>";
		};
		04248A271F76AB8F00053F25 /* Views */ = {
			isa = PBXGroup;
			children = (
				04AB22111F76AF5B0027E1CF /* Main.storyboard */,
			);
			path = Views;
			sourceTree = "<group>";
		};
		04248A281F76ABA900053F25 /* Models */ = {
			isa = PBXGroup;
			children = (
				04AB22211F77C4920027E1CF /* User.swift */,
				04A9753C1F784D9200C06998 /* Pokemon.swift */,
			);
			path = Models;
			sourceTree = "<group>";
		};
		04248A291F76ABBA00053F25 /* Images */ = {
			isa = PBXGroup;
			children = (
				04A9756A1F78858C00C06998 /* add-image-button.pdf */,
				04A9756B1F78858C00C06998 /* image-placeholder.pdf */,
				04A9756C1F78858C00C06998 /* pokeball.pdf */,
				04A9756D1F78858C00C06998 /* pokedex-title.pdf */,
			);
			path = Images;
			sourceTree = "<group>";
		};
		04248A2A1F76ABF500053F25 /* Util */ = {
			isa = PBXGroup;
			children = (
				04AB221D1F76B89E0027E1CF /* Util.swift */,
			);
			path = Util;
			sourceTree = "<group>";
		};
		04248A2B1F76AC0D00053F25 /* Application */ = {
			isa = PBXGroup;
			children = (
				042489EE1F7695CE00053F25 /* AppDelegate.swift */,
			);
			path = Application;
			sourceTree = "<group>";
		};
		049B10271F7AA16100061AB1 /* Extensions */ = {
			isa = PBXGroup;
			children = (
				049B10251F7AA12800061AB1 /* UIViewController+Keyboard.swift */,
			);
			name = Extensions;
			sourceTree = "<group>";
		};
		04A975721F78859900C06998 /* Icons */ = {
			isa = PBXGroup;
			children = (
				04A975731F78859900C06998 /* icon-add.pdf */,
				04A975741F78859900C06998 /* icon-email.pdf */,
				04A975751F78859900C06998 /* icon-logout.pdf */,
				04A975761F78859900C06998 /* icon-password-visibility.pdf */,
				04A975771F78859900C06998 /* icon-password.pdf */,
				04A975781F78859900C06998 /* icon-person.pdf */,
			);
			path = Icons;
			sourceTree = "<group>";
		};
		1E6FE2B0DF0EF02179A045CE /* Frameworks */ = {
			isa = PBXGroup;
			children = (
				B28E2A8EAF474CB1DCADE427 /* Pods_Pokedex.framework */,
				CB08FF03A7009352E87CABBD /* Pods_PokedexTests.framework */,
				F780AEE72E9074E6BE3EC71A /* Pods_PokedexUITests.framework */,
			);
			name = Frameworks;
			sourceTree = "<group>";
		};
		ED262D0001D011C1F492E862 /* Pods */ = {
			isa = PBXGroup;
			children = (
				21CCBB64084EAD4BF9CE2634 /* Pods-Pokedex.debug.xcconfig */,
				122C9A102FB0C247D7512CD8 /* Pods-Pokedex.release.xcconfig */,
				BEED3D0A38B4C93ADB5575E0 /* Pods-PokedexTests.debug.xcconfig */,
				3D51665A53FC7BD50AEAF351 /* Pods-PokedexTests.release.xcconfig */,
				D912EAA3E4F268425E264068 /* Pods-PokedexUITests.debug.xcconfig */,
				CA3DA0E3644E4E12EC43C6D8 /* Pods-PokedexUITests.release.xcconfig */,
			);
			name = Pods;
			sourceTree = "<group>";
		};
/* End PBXGroup section */

/* Begin PBXNativeTarget section */
		042489EA1F7695CE00053F25 /* Pokedex */ = {
			isa = PBXNativeTarget;
			buildConfigurationList = 04248A151F7695CE00053F25 /* Build configuration list for PBXNativeTarget "Pokedex" */;
			buildPhases = (
				4436790316A1050685ED8EED /* [CP] Check Pods Manifest.lock */,
				042489E71F7695CE00053F25 /* Sources */,
				042489E81F7695CE00053F25 /* Frameworks */,
				042489E91F7695CE00053F25 /* Resources */,
				999920EBC4940C5C40FC3727 /* [CP] Embed Pods Frameworks */,
				EE02E42B63FE33E89E46F6A5 /* [CP] Copy Pods Resources */,
			);
			buildRules = (
			);
			dependencies = (
			);
			name = Pokedex;
			productName = Pokedex;
			productReference = 042489EB1F7695CE00053F25 /* Pokedex.app */;
			productType = "com.apple.product-type.application";
		};
		04248A001F7695CE00053F25 /* PokedexTests */ = {
			isa = PBXNativeTarget;
			buildConfigurationList = 04248A181F7695CE00053F25 /* Build configuration list for PBXNativeTarget "PokedexTests" */;
			buildPhases = (
				CCFEC140C31F0FA7D51A6634 /* [CP] Check Pods Manifest.lock */,
				042489FD1F7695CE00053F25 /* Sources */,
				042489FE1F7695CE00053F25 /* Frameworks */,
				042489FF1F7695CE00053F25 /* Resources */,
				DDD86A0CDD4679ECE136399C /* [CP] Embed Pods Frameworks */,
				0DEC155E82DB1E7BE9B32BC6 /* [CP] Copy Pods Resources */,
			);
			buildRules = (
			);
			dependencies = (
				04248A031F7695CE00053F25 /* PBXTargetDependency */,
			);
			name = PokedexTests;
			productName = PokedexTests;
			productReference = 04248A011F7695CE00053F25 /* PokedexTests.xctest */;
			productType = "com.apple.product-type.bundle.unit-test";
		};
		04248A0B1F7695CE00053F25 /* PokedexUITests */ = {
			isa = PBXNativeTarget;
			buildConfigurationList = 04248A1B1F7695CE00053F25 /* Build configuration list for PBXNativeTarget "PokedexUITests" */;
			buildPhases = (
				5AE0B0BD6C2B3C1D8C740E9D /* [CP] Check Pods Manifest.lock */,
				04248A081F7695CE00053F25 /* Sources */,
				04248A091F7695CE00053F25 /* Frameworks */,
				04248A0A1F7695CE00053F25 /* Resources */,
				05B6A02D5AA5D4B829911FF3 /* [CP] Embed Pods Frameworks */,
				06C40B0EA007B9036A4FEDDE /* [CP] Copy Pods Resources */,
			);
			buildRules = (
			);
			dependencies = (
				04248A0E1F7695CE00053F25 /* PBXTargetDependency */,
			);
			name = PokedexUITests;
			productName = PokedexUITests;
			productReference = 04248A0C1F7695CE00053F25 /* PokedexUITests.xctest */;
			productType = "com.apple.product-type.bundle.ui-testing";
		};
/* End PBXNativeTarget section */

/* Begin PBXProject section */
		042489E31F7695CE00053F25 /* Project object */ = {
			isa = PBXProject;
			attributes = {
				LastSwiftUpdateCheck = 0830;
				LastUpgradeCheck = 0830;
				ORGANIZATIONNAME = "Iris Veronika Celic";
				TargetAttributes = {
					042489EA1F7695CE00053F25 = {
						CreatedOnToolsVersion = 8.3.3;
						DevelopmentTeam = USTX8WQ57A;
						ProvisioningStyle = Automatic;
					};
					04248A001F7695CE00053F25 = {
						CreatedOnToolsVersion = 8.3.3;
						ProvisioningStyle = Automatic;
						TestTargetID = 042489EA1F7695CE00053F25;
					};
					04248A0B1F7695CE00053F25 = {
						CreatedOnToolsVersion = 8.3.3;
						ProvisioningStyle = Automatic;
						TestTargetID = 042489EA1F7695CE00053F25;
					};
				};
			};
			buildConfigurationList = 042489E61F7695CE00053F25 /* Build configuration list for PBXProject "Pokedex" */;
			compatibilityVersion = "Xcode 3.2";
			developmentRegion = English;
			hasScannedForEncodings = 0;
			knownRegions = (
				en,
				Base,
			);
			mainGroup = 042489E21F7695CE00053F25;
			productRefGroup = 042489EC1F7695CE00053F25 /* Products */;
			projectDirPath = "";
			projectRoot = "";
			targets = (
				042489EA1F7695CE00053F25 /* Pokedex */,
				04248A001F7695CE00053F25 /* PokedexTests */,
				04248A0B1F7695CE00053F25 /* PokedexUITests */,
			);
		};
/* End PBXProject section */

/* Begin PBXResourcesBuildPhase section */
		042489E91F7695CE00053F25 /* Resources */ = {
			isa = PBXResourcesBuildPhase;
			buildActionMask = 2147483647;
			files = (
				04AB22141F76AF630027E1CF /* LaunchScreen.storyboard in Resources */,
				04A9757B1F78859900C06998 /* icon-logout.pdf in Resources */,
				04A975711F78858C00C06998 /* pokedex-title.pdf in Resources */,
				042489F81F7695CE00053F25 /* Assets.xcassets in Resources */,
				04A9757A1F78859900C06998 /* icon-email.pdf in Resources */,
				04A9757C1F78859900C06998 /* icon-password-visibility.pdf in Resources */,
				04A9757D1F78859900C06998 /* icon-password.pdf in Resources */,
				04A975791F78859900C06998 /* icon-add.pdf in Resources */,
				04A9756E1F78858C00C06998 /* add-image-button.pdf in Resources */,
				04A9757E1F78859900C06998 /* icon-person.pdf in Resources */,
				04A9756F1F78858C00C06998 /* image-placeholder.pdf in Resources */,
				04A975701F78858C00C06998 /* pokeball.pdf in Resources */,
				04AB22121F76AF5B0027E1CF /* Main.storyboard in Resources */,
			);
			runOnlyForDeploymentPostprocessing = 0;
		};
		042489FF1F7695CE00053F25 /* Resources */ = {
			isa = PBXResourcesBuildPhase;
			buildActionMask = 2147483647;
			files = (
			);
			runOnlyForDeploymentPostprocessing = 0;
		};
		04248A0A1F7695CE00053F25 /* Resources */ = {
			isa = PBXResourcesBuildPhase;
			buildActionMask = 2147483647;
			files = (
			);
			runOnlyForDeploymentPostprocessing = 0;
		};
/* End PBXResourcesBuildPhase section */

/* Begin PBXShellScriptBuildPhase section */
		05B6A02D5AA5D4B829911FF3 /* [CP] Embed Pods Frameworks */ = {
			isa = PBXShellScriptBuildPhase;
			buildActionMask = 2147483647;
			files = (
			);
			inputPaths = (
			);
			name = "[CP] Embed Pods Frameworks";
			outputPaths = (
			);
			runOnlyForDeploymentPostprocessing = 0;
			shellPath = /bin/sh;
			shellScript = "\"${SRCROOT}/Pods/Target Support Files/Pods-PokedexUITests/Pods-PokedexUITests-frameworks.sh\"\n";
			showEnvVarsInLog = 0;
		};
		06C40B0EA007B9036A4FEDDE /* [CP] Copy Pods Resources */ = {
			isa = PBXShellScriptBuildPhase;
			buildActionMask = 2147483647;
			files = (
			);
			inputPaths = (
			);
			name = "[CP] Copy Pods Resources";
			outputPaths = (
			);
			runOnlyForDeploymentPostprocessing = 0;
			shellPath = /bin/sh;
			shellScript = "\"${SRCROOT}/Pods/Target Support Files/Pods-PokedexUITests/Pods-PokedexUITests-resources.sh\"\n";
			showEnvVarsInLog = 0;
		};
		0DEC155E82DB1E7BE9B32BC6 /* [CP] Copy Pods Resources */ = {
			isa = PBXShellScriptBuildPhase;
			buildActionMask = 2147483647;
			files = (
			);
			inputPaths = (
			);
			name = "[CP] Copy Pods Resources";
			outputPaths = (
			);
			runOnlyForDeploymentPostprocessing = 0;
			shellPath = /bin/sh;
			shellScript = "\"${SRCROOT}/Pods/Target Support Files/Pods-PokedexTests/Pods-PokedexTests-resources.sh\"\n";
			showEnvVarsInLog = 0;
		};
		4436790316A1050685ED8EED /* [CP] Check Pods Manifest.lock */ = {
			isa = PBXShellScriptBuildPhase;
			buildActionMask = 2147483647;
			files = (
			);
			inputPaths = (
				"${PODS_PODFILE_DIR_PATH}/Podfile.lock",
				"${PODS_ROOT}/Manifest.lock",
			);
			name = "[CP] Check Pods Manifest.lock";
			outputPaths = (
				"$(DERIVED_FILE_DIR)/Pods-Pokedex-checkManifestLockResult.txt",
			);
			runOnlyForDeploymentPostprocessing = 0;
			shellPath = /bin/sh;
			shellScript = "diff \"${PODS_PODFILE_DIR_PATH}/Podfile.lock\" \"${PODS_ROOT}/Manifest.lock\" > /dev/null\nif [ $? != 0 ] ; then\n    # print error to STDERR\n    echo \"error: The sandbox is not in sync with the Podfile.lock. Run 'pod install' or update your CocoaPods installation.\" >&2\n    exit 1\nfi\n# This output is used by Xcode 'outputs' to avoid re-running this script phase.\necho \"SUCCESS\" > \"${SCRIPT_OUTPUT_FILE_0}\"\n";
			showEnvVarsInLog = 0;
		};
		5AE0B0BD6C2B3C1D8C740E9D /* [CP] Check Pods Manifest.lock */ = {
			isa = PBXShellScriptBuildPhase;
			buildActionMask = 2147483647;
			files = (
			);
			inputPaths = (
				"${PODS_PODFILE_DIR_PATH}/Podfile.lock",
				"${PODS_ROOT}/Manifest.lock",
			);
			name = "[CP] Check Pods Manifest.lock";
			outputPaths = (
				"$(DERIVED_FILE_DIR)/Pods-PokedexUITests-checkManifestLockResult.txt",
			);
			runOnlyForDeploymentPostprocessing = 0;
			shellPath = /bin/sh;
			shellScript = "diff \"${PODS_PODFILE_DIR_PATH}/Podfile.lock\" \"${PODS_ROOT}/Manifest.lock\" > /dev/null\nif [ $? != 0 ] ; then\n    # print error to STDERR\n    echo \"error: The sandbox is not in sync with the Podfile.lock. Run 'pod install' or update your CocoaPods installation.\" >&2\n    exit 1\nfi\n# This output is used by Xcode 'outputs' to avoid re-running this script phase.\necho \"SUCCESS\" > \"${SCRIPT_OUTPUT_FILE_0}\"\n";
			showEnvVarsInLog = 0;
		};
		999920EBC4940C5C40FC3727 /* [CP] Embed Pods Frameworks */ = {
			isa = PBXShellScriptBuildPhase;
			buildActionMask = 2147483647;
			files = (
			);
			inputPaths = (
				"${SRCROOT}/Pods/Target Support Files/Pods-Pokedex/Pods-Pokedex-frameworks.sh",
				"${BUILT_PRODUCTS_DIR}/Alamofire/Alamofire.framework",
				"${BUILT_PRODUCTS_DIR}/AlamofireImage/AlamofireImage.framework",
				"${BUILT_PRODUCTS_DIR}/Unbox/Unbox.framework",
			);
			name = "[CP] Embed Pods Frameworks";
			outputPaths = (
				"${TARGET_BUILD_DIR}/${FRAMEWORKS_FOLDER_PATH}/Alamofire.framework",
				"${TARGET_BUILD_DIR}/${FRAMEWORKS_FOLDER_PATH}/AlamofireImage.framework",
				"${TARGET_BUILD_DIR}/${FRAMEWORKS_FOLDER_PATH}/Unbox.framework",
			);
			runOnlyForDeploymentPostprocessing = 0;
			shellPath = /bin/sh;
			shellScript = "\"${SRCROOT}/Pods/Target Support Files/Pods-Pokedex/Pods-Pokedex-frameworks.sh\"\n";
			showEnvVarsInLog = 0;
		};
		CCFEC140C31F0FA7D51A6634 /* [CP] Check Pods Manifest.lock */ = {
			isa = PBXShellScriptBuildPhase;
			buildActionMask = 2147483647;
			files = (
			);
			inputPaths = (
				"${PODS_PODFILE_DIR_PATH}/Podfile.lock",
				"${PODS_ROOT}/Manifest.lock",
			);
			name = "[CP] Check Pods Manifest.lock";
			outputPaths = (
				"$(DERIVED_FILE_DIR)/Pods-PokedexTests-checkManifestLockResult.txt",
			);
			runOnlyForDeploymentPostprocessing = 0;
			shellPath = /bin/sh;
			shellScript = "diff \"${PODS_PODFILE_DIR_PATH}/Podfile.lock\" \"${PODS_ROOT}/Manifest.lock\" > /dev/null\nif [ $? != 0 ] ; then\n    # print error to STDERR\n    echo \"error: The sandbox is not in sync with the Podfile.lock. Run 'pod install' or update your CocoaPods installation.\" >&2\n    exit 1\nfi\n# This output is used by Xcode 'outputs' to avoid re-running this script phase.\necho \"SUCCESS\" > \"${SCRIPT_OUTPUT_FILE_0}\"\n";
			showEnvVarsInLog = 0;
		};
		DDD86A0CDD4679ECE136399C /* [CP] Embed Pods Frameworks */ = {
			isa = PBXShellScriptBuildPhase;
			buildActionMask = 2147483647;
			files = (
			);
			inputPaths = (
			);
			name = "[CP] Embed Pods Frameworks";
			outputPaths = (
			);
			runOnlyForDeploymentPostprocessing = 0;
			shellPath = /bin/sh;
			shellScript = "\"${SRCROOT}/Pods/Target Support Files/Pods-PokedexTests/Pods-PokedexTests-frameworks.sh\"\n";
			showEnvVarsInLog = 0;
		};
		EE02E42B63FE33E89E46F6A5 /* [CP] Copy Pods Resources */ = {
			isa = PBXShellScriptBuildPhase;
			buildActionMask = 2147483647;
			files = (
			);
			inputPaths = (
			);
			name = "[CP] Copy Pods Resources";
			outputPaths = (
			);
			runOnlyForDeploymentPostprocessing = 0;
			shellPath = /bin/sh;
			shellScript = "\"${SRCROOT}/Pods/Target Support Files/Pods-Pokedex/Pods-Pokedex-resources.sh\"\n";
			showEnvVarsInLog = 0;
		};
/* End PBXShellScriptBuildPhase section */

/* Begin PBXSourcesBuildPhase section */
		042489E71F7695CE00053F25 /* Sources */ = {
			isa = PBXSourcesBuildPhase;
			buildActionMask = 2147483647;
			files = (
				042489F31F7695CE00053F25 /* DetailViewController.swift in Sources */,
				04AB22241F784AFB0027E1CF /* PokemonService.swift in Sources */,
				049B10221F79888A00061AB1 /* AddPokemonViewController.swift in Sources */,
				04A24D121F790058004B1602 /* AuthenticationViewController.swift in Sources */,
				04AB221A1F76B48E0027E1CF /* AuthenticationService.swift in Sources */,
				04AB22201F76C5ED0027E1CF /* BaseService.swift in Sources */,
				04AB221E1F76B89E0027E1CF /* Util.swift in Sources */,
				049B10261F7AA12800061AB1 /* UIViewController+Keyboard.swift in Sources */,
				04A9753D1F784D9200C06998 /* Pokemon.swift in Sources */,
				042489F11F7695CE00053F25 /* MasterViewController.swift in Sources */,
				042489EF1F7695CE00053F25 /* AppDelegate.swift in Sources */,
				04AB22221F77C4920027E1CF /* User.swift in Sources */,
			);
			runOnlyForDeploymentPostprocessing = 0;
		};
		042489FD1F7695CE00053F25 /* Sources */ = {
			isa = PBXSourcesBuildPhase;
			buildActionMask = 2147483647;
			files = (
				04248A061F7695CE00053F25 /* PokedexTests.swift in Sources */,
			);
			runOnlyForDeploymentPostprocessing = 0;
		};
		04248A081F7695CE00053F25 /* Sources */ = {
			isa = PBXSourcesBuildPhase;
			buildActionMask = 2147483647;
			files = (
				04248A111F7695CE00053F25 /* PokedexUITests.swift in Sources */,
			);
			runOnlyForDeploymentPostprocessing = 0;
		};
/* End PBXSourcesBuildPhase section */

/* Begin PBXTargetDependency section */
		04248A031F7695CE00053F25 /* PBXTargetDependency */ = {
			isa = PBXTargetDependency;
			target = 042489EA1F7695CE00053F25 /* Pokedex */;
			targetProxy = 04248A021F7695CE00053F25 /* PBXContainerItemProxy */;
		};
		04248A0E1F7695CE00053F25 /* PBXTargetDependency */ = {
			isa = PBXTargetDependency;
			target = 042489EA1F7695CE00053F25 /* Pokedex */;
			targetProxy = 04248A0D1F7695CE00053F25 /* PBXContainerItemProxy */;
		};
/* End PBXTargetDependency section */

/* Begin XCBuildConfiguration section */
		04248A131F7695CE00053F25 /* Debug */ = {
			isa = XCBuildConfiguration;
			buildSettings = {
				ALWAYS_SEARCH_USER_PATHS = NO;
				CLANG_ANALYZER_NONNULL = YES;
				CLANG_ANALYZER_NUMBER_OBJECT_CONVERSION = YES_AGGRESSIVE;
				CLANG_CXX_LANGUAGE_STANDARD = "gnu++0x";
				CLANG_CXX_LIBRARY = "libc++";
				CLANG_ENABLE_MODULES = YES;
				CLANG_ENABLE_OBJC_ARC = YES;
				CLANG_WARN_BOOL_CONVERSION = YES;
				CLANG_WARN_CONSTANT_CONVERSION = YES;
				CLANG_WARN_DIRECT_OBJC_ISA_USAGE = YES_ERROR;
				CLANG_WARN_DOCUMENTATION_COMMENTS = YES;
				CLANG_WARN_EMPTY_BODY = YES;
				CLANG_WARN_ENUM_CONVERSION = YES;
				CLANG_WARN_INFINITE_RECURSION = YES;
				CLANG_WARN_INT_CONVERSION = YES;
				CLANG_WARN_OBJC_ROOT_CLASS = YES_ERROR;
				CLANG_WARN_SUSPICIOUS_MOVE = YES;
				CLANG_WARN_UNREACHABLE_CODE = YES;
				CLANG_WARN__DUPLICATE_METHOD_MATCH = YES;
				"CODE_SIGN_IDENTITY[sdk=iphoneos*]" = "iPhone Developer";
				COPY_PHASE_STRIP = NO;
				DEBUG_INFORMATION_FORMAT = dwarf;
				ENABLE_STRICT_OBJC_MSGSEND = YES;
				ENABLE_TESTABILITY = YES;
				GCC_C_LANGUAGE_STANDARD = gnu99;
				GCC_DYNAMIC_NO_PIC = NO;
				GCC_NO_COMMON_BLOCKS = YES;
				GCC_OPTIMIZATION_LEVEL = 0;
				GCC_PREPROCESSOR_DEFINITIONS = (
					"DEBUG=1",
					"$(inherited)",
				);
				GCC_WARN_64_TO_32_BIT_CONVERSION = YES;
				GCC_WARN_ABOUT_RETURN_TYPE = YES_ERROR;
				GCC_WARN_UNDECLARED_SELECTOR = YES;
				GCC_WARN_UNINITIALIZED_AUTOS = YES_AGGRESSIVE;
				GCC_WARN_UNUSED_FUNCTION = YES;
				GCC_WARN_UNUSED_VARIABLE = YES;
				IPHONEOS_DEPLOYMENT_TARGET = 10.3;
				MTL_ENABLE_DEBUG_INFO = YES;
				ONLY_ACTIVE_ARCH = YES;
				SDKROOT = iphoneos;
				SWIFT_ACTIVE_COMPILATION_CONDITIONS = DEBUG;
				SWIFT_OPTIMIZATION_LEVEL = "-Onone";
			};
			name = Debug;
		};
		04248A141F7695CE00053F25 /* Release */ = {
			isa = XCBuildConfiguration;
			buildSettings = {
				ALWAYS_SEARCH_USER_PATHS = NO;
				CLANG_ANALYZER_NONNULL = YES;
				CLANG_ANALYZER_NUMBER_OBJECT_CONVERSION = YES_AGGRESSIVE;
				CLANG_CXX_LANGUAGE_STANDARD = "gnu++0x";
				CLANG_CXX_LIBRARY = "libc++";
				CLANG_ENABLE_MODULES = YES;
				CLANG_ENABLE_OBJC_ARC = YES;
				CLANG_WARN_BOOL_CONVERSION = YES;
				CLANG_WARN_CONSTANT_CONVERSION = YES;
				CLANG_WARN_DIRECT_OBJC_ISA_USAGE = YES_ERROR;
				CLANG_WARN_DOCUMENTATION_COMMENTS = YES;
				CLANG_WARN_EMPTY_BODY = YES;
				CLANG_WARN_ENUM_CONVERSION = YES;
				CLANG_WARN_INFINITE_RECURSION = YES;
				CLANG_WARN_INT_CONVERSION = YES;
				CLANG_WARN_OBJC_ROOT_CLASS = YES_ERROR;
				CLANG_WARN_SUSPICIOUS_MOVE = YES;
				CLANG_WARN_UNREACHABLE_CODE = YES;
				CLANG_WARN__DUPLICATE_METHOD_MATCH = YES;
				"CODE_SIGN_IDENTITY[sdk=iphoneos*]" = "iPhone Developer";
				COPY_PHASE_STRIP = NO;
				DEBUG_INFORMATION_FORMAT = "dwarf-with-dsym";
				ENABLE_NS_ASSERTIONS = NO;
				ENABLE_STRICT_OBJC_MSGSEND = YES;
				GCC_C_LANGUAGE_STANDARD = gnu99;
				GCC_NO_COMMON_BLOCKS = YES;
				GCC_WARN_64_TO_32_BIT_CONVERSION = YES;
				GCC_WARN_ABOUT_RETURN_TYPE = YES_ERROR;
				GCC_WARN_UNDECLARED_SELECTOR = YES;
				GCC_WARN_UNINITIALIZED_AUTOS = YES_AGGRESSIVE;
				GCC_WARN_UNUSED_FUNCTION = YES;
				GCC_WARN_UNUSED_VARIABLE = YES;
				IPHONEOS_DEPLOYMENT_TARGET = 10.3;
				MTL_ENABLE_DEBUG_INFO = NO;
				SDKROOT = iphoneos;
				SWIFT_OPTIMIZATION_LEVEL = "-Owholemodule";
				VALIDATE_PRODUCT = YES;
			};
			name = Release;
		};
		04248A161F7695CE00053F25 /* Debug */ = {
			isa = XCBuildConfiguration;
			baseConfigurationReference = 21CCBB64084EAD4BF9CE2634 /* Pods-Pokedex.debug.xcconfig */;
			buildSettings = {
				DEVELOPMENT_TEAM = USTX8WQ57A;
				INFOPLIST_FILE = Pokedex/Info.plist;
				IPHONEOS_DEPLOYMENT_TARGET = 10.2;
				LD_RUNPATH_SEARCH_PATHS = "$(inherited) @executable_path/Frameworks";
				PRODUCT_BUNDLE_IDENTIFIER = com.iriscelic.Pokedex;
				PRODUCT_NAME = "$(TARGET_NAME)";
				SWIFT_VERSION = 3.0;
			};
			name = Debug;
		};
		04248A171F7695CE00053F25 /* Release */ = {
			isa = XCBuildConfiguration;
			baseConfigurationReference = 122C9A102FB0C247D7512CD8 /* Pods-Pokedex.release.xcconfig */;
			buildSettings = {
				DEVELOPMENT_TEAM = USTX8WQ57A;
				INFOPLIST_FILE = Pokedex/Info.plist;
				IPHONEOS_DEPLOYMENT_TARGET = 10.2;
				LD_RUNPATH_SEARCH_PATHS = "$(inherited) @executable_path/Frameworks";
				PRODUCT_BUNDLE_IDENTIFIER = com.iriscelic.Pokedex;
				PRODUCT_NAME = "$(TARGET_NAME)";
				SWIFT_VERSION = 3.0;
			};
			name = Release;
		};
		04248A191F7695CE00053F25 /* Debug */ = {
			isa = XCBuildConfiguration;
			baseConfigurationReference = BEED3D0A38B4C93ADB5575E0 /* Pods-PokedexTests.debug.xcconfig */;
			buildSettings = {
				ALWAYS_EMBED_SWIFT_STANDARD_LIBRARIES = YES;
				BUNDLE_LOADER = "$(TEST_HOST)";
				INFOPLIST_FILE = PokedexTests/Info.plist;
				LD_RUNPATH_SEARCH_PATHS = "$(inherited) @executable_path/Frameworks @loader_path/Frameworks";
				PRODUCT_BUNDLE_IDENTIFIER = com.iriscelic.PokedexTests;
				PRODUCT_NAME = "$(TARGET_NAME)";
				SWIFT_VERSION = 3.0;
				TEST_HOST = "$(BUILT_PRODUCTS_DIR)/Pokedex.app/Pokedex";
			};
			name = Debug;
		};
		04248A1A1F7695CE00053F25 /* Release */ = {
			isa = XCBuildConfiguration;
			baseConfigurationReference = 3D51665A53FC7BD50AEAF351 /* Pods-PokedexTests.release.xcconfig */;
			buildSettings = {
				ALWAYS_EMBED_SWIFT_STANDARD_LIBRARIES = YES;
				BUNDLE_LOADER = "$(TEST_HOST)";
				INFOPLIST_FILE = PokedexTests/Info.plist;
				LD_RUNPATH_SEARCH_PATHS = "$(inherited) @executable_path/Frameworks @loader_path/Frameworks";
				PRODUCT_BUNDLE_IDENTIFIER = com.iriscelic.PokedexTests;
				PRODUCT_NAME = "$(TARGET_NAME)";
				SWIFT_VERSION = 3.0;
				TEST_HOST = "$(BUILT_PRODUCTS_DIR)/Pokedex.app/Pokedex";
			};
			name = Release;
		};
		04248A1C1F7695CE00053F25 /* Debug */ = {
			isa = XCBuildConfiguration;
			baseConfigurationReference = D912EAA3E4F268425E264068 /* Pods-PokedexUITests.debug.xcconfig */;
			buildSettings = {
				ALWAYS_EMBED_SWIFT_STANDARD_LIBRARIES = YES;
				INFOPLIST_FILE = PokedexUITests/Info.plist;
				LD_RUNPATH_SEARCH_PATHS = "$(inherited) @executable_path/Frameworks @loader_path/Frameworks";
				PRODUCT_BUNDLE_IDENTIFIER = com.iriscelic.PokedexUITests;
				PRODUCT_NAME = "$(TARGET_NAME)";
				SWIFT_VERSION = 3.0;
				TEST_TARGET_NAME = Pokedex;
			};
			name = Debug;
		};
		04248A1D1F7695CE00053F25 /* Release */ = {
			isa = XCBuildConfiguration;
			baseConfigurationReference = CA3DA0E3644E4E12EC43C6D8 /* Pods-PokedexUITests.release.xcconfig */;
			buildSettings = {
				ALWAYS_EMBED_SWIFT_STANDARD_LIBRARIES = YES;
				INFOPLIST_FILE = PokedexUITests/Info.plist;
				LD_RUNPATH_SEARCH_PATHS = "$(inherited) @executable_path/Frameworks @loader_path/Frameworks";
				PRODUCT_BUNDLE_IDENTIFIER = com.iriscelic.PokedexUITests;
				PRODUCT_NAME = "$(TARGET_NAME)";
				SWIFT_VERSION = 3.0;
				TEST_TARGET_NAME = Pokedex;
			};
			name = Release;
		};
/* End XCBuildConfiguration section */

/* Begin XCConfigurationList section */
		042489E61F7695CE00053F25 /* Build configuration list for PBXProject "Pokedex" */ = {
			isa = XCConfigurationList;
			buildConfigurations = (
				04248A131F7695CE00053F25 /* Debug */,
				04248A141F7695CE00053F25 /* Release */,
			);
			defaultConfigurationIsVisible = 0;
			defaultConfigurationName = Release;
		};
		04248A151F7695CE00053F25 /* Build configuration list for PBXNativeTarget "Pokedex" */ = {
			isa = XCConfigurationList;
			buildConfigurations = (
				04248A161F7695CE00053F25 /* Debug */,
				04248A171F7695CE00053F25 /* Release */,
			);
			defaultConfigurationIsVisible = 0;
			defaultConfigurationName = Release;
		};
		04248A181F7695CE00053F25 /* Build configuration list for PBXNativeTarget "PokedexTests" */ = {
			isa = XCConfigurationList;
			buildConfigurations = (
				04248A191F7695CE00053F25 /* Debug */,
				04248A1A1F7695CE00053F25 /* Release */,
			);
			defaultConfigurationIsVisible = 0;
			defaultConfigurationName = Release;
		};
		04248A1B1F7695CE00053F25 /* Build configuration list for PBXNativeTarget "PokedexUITests" */ = {
			isa = XCConfigurationList;
			buildConfigurations = (
				04248A1C1F7695CE00053F25 /* Debug */,
				04248A1D1F7695CE00053F25 /* Release */,
			);
			defaultConfigurationIsVisible = 0;
			defaultConfigurationName = Release;
		};
/* End XCConfigurationList section */
	};
	rootObject = 042489E31F7695CE00053F25 /* Project object */;
}
